
Microsoft Visual Studio Solution File, Format Version 12.00
# Visual Studio Version 17
VisualStudioVersion = 17.0.31912.275
MinimumVisualStudioVersion = 10.0.40219.1
Project("{FAE04EC0-301F-11D3-BF4B-00C04F79EFBC}") = "MongoDbConsole", "MongoDbConsole\MongoDbConsole.csproj", "{63F40286-4AD0-4D44-A395-FACF9127CC55}"
EndProject
Global
	GlobalSection(SolutionConfigurationPlatforms) = preSolution
		Debug|Any CPU = Debug|Any CPU
		Release|Any CPU = Release|Any CPU
	EndGlobalSection
	GlobalSection(ProjectConfigurationPlatforms) = postSolution
		{63F40286-4AD0-4D44-A395-FACF9127CC55}.Debug|Any CPU.ActiveCfg = Debug|Any CPU
		{63F40286-4AD0-4D44-A395-FACF9127CC55}.Debug|Any CPU.Build.0 = Debug|Any CPU
		{63F40286-4AD0-4D44-A395-FACF9127CC55}.Release|Any CPU.ActiveCfg = Release|Any CPU
		{63F40286-4AD0-4D44-A395-FACF9127CC55}.Release|Any CPU.Build.0 = Release|Any CPU
	EndGlobalSection
	GlobalSection(SolutionProperties) = preSolution
		HideSolutionNode = FALSE
	EndGlobalSection
	GlobalSection(ExtensibilityGlobals) = postSolution
		SolutionGuid = {A11AB8D7-3ADA-47B5-A4D8-ECD9D6DB2C4E}
	EndGlobalSection
EndGlobal
